train:
  cmd: make docker-train
  deps:
  - path: Dockerfile
    md5: 84a6d8f25ff3901e8112b94308f1307e
    size: 1190
  - path: Makefile
    md5: 162229b1515fd8d8f2c0a0c250acbcc8
    size: 2149
  - path: Pipfile
    md5: 85b33eb73f6677a7fff8279e690d6ed4
    size: 524
  - path: ml/input/data/training/creditcard.csv
    md5: e90efcb83d69faf99fcab8b0255024de
    size: 150828752
  - path: src/experiment
    md5: 609fca7cc9e997196f9c382bd382f396.dir
    size: 9342
    nfiles: 4
  - path: src/train
    md5: cb6c4a629d03d047f80d1d5a014ea828
    size: 850
  - path: src/utils
    md5: 7dee500f97efa451c673d2b8bb74c3ed.dir
    size: 9193
    nfiles: 5
  outs:
  - path: ml/output/credit-card-fraud/confusion-matrix.png
    md5: 3608507630664353ad60cfe49da0f9f4
    size: 23224
  - path: ml/output/credit-card-fraud/metrics.txt
    md5: 63810924c6c3565e3b9698693c5e5cdc
    size: 88
  - path: ml/output/credit-card-fraud/model.joblib
    md5: bd961767d9b3c7b57927ea85fed1dfd7
    size: 203260
  - path: ml/output/credit-card-fraud/precision-recall-curve.png
    md5: b63dd8bc9134a7a1ce087a418a38a421
    size: 33651
  - path: ml/output/model.tar.gz
    md5: a93f2602ab41991ec202e9dcf7219de4
    size: 180833
